# This file is automatically @generated by Poetry 2.2.1 and should not be changed by hand.

[[package]]
name = "astroid"
version = "4.0.4"
description = "An abstract syntax tree for Python with inference support."
optional = false
python-versions = ">=3.10.0"
groups = ["dev"]
files = [
    {file = "astroid-4.0.4-py3-none-any.whl", hash = "sha256:52f39653876c7dec3e3afd4c2696920e05c83832b9737afc21928f2d2eb7a753"},
    {file = "astroid-4.0.4.tar.gz", hash = "sha256:986fed8bcf79fb82c78b18a53352a0b287a73817d6dbcfba3162da36667c49a0"},
]

[[package]]
name = "black"
version = "26.3.1"
description = "The uncompromising code formatter."
optional = false
python-versions = ">=3.10"
groups = ["dev"]
files = [
    {file = "black-26.3.1-cp310-cp310-macosx_10_9_x86_64.whl", hash = "sha256:86a8b5035fce64f5dcd1b794cf8ec4d31fe458cf6ce3986a30deb434df82a1d2"},
    {file = "black-26.3.1-cp310-cp310-macosx_11_0_arm64.whl", hash = "sha256:5602bdb96d52d2d0672f24f6ffe5218795736dd34807fd0fd55ccd6bf206168b"},
    {file = "black-26.3.1-cp310-cp310-manylinux2014_x86_64.manylinux_2_17_x86_64.manylinux_2_28_x86_64.whl", hash = "sha256:6c54a4a82e291a1fee5137371ab488866b7c86a3305af4026bdd4dc78642e1ac"},
    {file = "black-26.3.1-cp310-cp310-win_amd64.whl", hash = "sha256:6e131579c243c98f35bce64a7e08e87fb2d610544754675d4a0e73a070a5aa3a"},
    {file = "black-26.3.1-cp310-cp310-win_arm64.whl", hash = "sha256:5ed0ca58586c8d9a487352a96b15272b7fa55d139fc8496b519e78023a8dab0a"},
    {file = "black-26.3.1-cp311-cp311-macosx_10_9_x86_64.whl", hash = "sha256:28ef38aee69e4b12fda8dba75e21f9b4f979b490c8ac0baa7cb505369ac9e1ff"},
    {file = "black-26.3.1-cp311-cp311-macosx_11_0_arm64.whl", hash = "sha256:bf9bf162ed91a26f1adba8efda0b573bc6924ec1408a52cc6f82cb73ec2b142c"},
    {file = "black-26.3.1-cp311-cp311-manylinux2014_x86_64.manylinux_2_17_x86_64.manylinux_2_28_x86_64.whl", hash = "sha256:474c27574d6d7037c1bc875a81d9be0a9a4f9ee95e62800dab3cfaadbf75acd5"},
    {file = "black-26.3.1-cp311-cp311-win_amd64.whl", hash = "sha256:5e9d0d86df21f2e1677cc4bd090cd0e446278bcbbe49bf3659c308c3e402843e"},
    {file = "black-26.3.1-cp311-cp311-win_arm64.whl", hash = "sha256:9a5e9f45e5d5e1c5b5c29b3bd4265dcc90e8b92cf4534520896ed77f791f4da5"},
    {file = "black-26.3.1-cp312-cp312-macosx_10_13_x86_64.whl", hash = "sha256:b5e6f89631eb88a7302d416594a32faeee9fb8fb848290da9d0a5f2903519fc1"},
    {file = "black-26.3.1-cp312-cp312-macosx_11_0_arm64.whl", hash = "sha256:41cd2012d35b47d589cb8a16faf8a32ef7a336f56356babd9fcf70939ad1897f"},
    {file = "black-26.3.1-cp312-cp312-manylinux2014_x86_64.manylinux_2_17_x86_64.manylinux_2_28_x86_64.whl", hash = "sha256:0f76ff19ec5297dd8e66eb64deda23631e642c9393ab592826fd4bdc97a4bce7"},
    {file = "black-26.3.1-cp312-cp312-win_amd64.whl", hash = "sha256:ddb113db38838eb9f043623ba274cfaf7d51d5b0c22ecb30afe58b1bb8322983"},
    {file = "black-26.3.1-cp312-cp312-win_arm64.whl", hash = "sha256:dfdd51fc3e64ea4f35873d1b3fb25326773d55d2329ff8449139ebaad7357efb"},
    {file = "black-26.3.1-cp313-cp313-macosx_10_13_x86_64.whl", hash = "sha256:855822d90f884905362f602880ed8b5df1b7e3ee7d0db2502d4388a954cc8c54"},
    {file = "black-26.3.1-cp313-cp313-macosx_11_0_arm64.whl", hash = "sha256:8a33d657f3276328ce00e4d37fe70361e1ec7614da5d7b6e78de5426cb56332f"},
    {file = "black-26.3.1-cp313-cp313-manylinux2014_x86_64.manylinux_2_17_x86_64.manylinux_2_28_x86_64.whl", hash = "sha256:f1cd08e99d2f9317292a311dfe578fd2a24b15dbce97792f9c4d752275c1fa56"},
    {file = "black-26.3.1-cp313-cp313-win_amd64.whl", hash = "sha256:c7e72339f841b5a237ff14f7d3880ddd0fc7f98a1199e8c4327f9a4f478c1839"},
    {file = "black-26.3.1-cp313-cp313-win_arm64.whl", hash = "sha256:afc622538b430aa4c8c853f7f63bc582b3b8030fd8c80b70fb5fa5b834e575c2"},
    {file = "black-26.3.1-cp314-cp314-macosx_10_15_x86_64.whl", hash = "sha256:2d6bfaf7fd0993b420bed691f20f9492d53ce9a2bcccea4b797d34e947318a78"},
    {file = "black-26.3.1-cp314-cp314-macosx_11_0_arm64.whl", hash = "sha256:f89f2ab047c76a9c03f78d0d66ca519e389519902fa27e7a91117ef7611c0568"},
    {file = "black-26.3.1-cp314-cp314-manylinux2014_x86_64.manylinux_2_17_x86_64.manylinux_2_28_x86_64.whl", hash = "sha256:b07fc0dab849d24a80a29cfab8d8a19187d1c4685d8a5e6385a5ce323c1f015f"},
    {file = "black-26.3.1-cp314-cp314-win_amd64.whl", hash = "sha256:0126ae5b7c09957da2bdbd91a9ba1207453feada9e9fe51992848658c6c8e01c"},
    {file = "black-26.3.1-cp314-cp314-win_arm64.whl", hash = "sha256:92c0ec1f2cc149551a2b7b47efc32c866406b6891b0ee4625e95967c8f4acfb1"},
    {file = "black-26.3.1-py3-none-any.whl", hash = "sha256:2bd5aa94fc267d38bb21a70d7410a89f1a1d318841855f698746f8e7f51acd1b"},
    {file = "black-26.3.1.tar.gz", hash = "sha256:2c50f5063a9641c7eed7795014ba37b0f5fa227f3d408b968936e24bc0566b07"},
]

[package.dependencies]
click = ">=8.0.0"
mypy-extensions = ">=0.4.3"
packaging = ">=22.0"
pathspec = ">=1.0.0"
platformdirs = ">=2"
pytokens = ">=0.4.0,<0.5.0"

[package.extras]
colorama = ["colorama (>=0.4.3)"]
d = ["aiohttp (>=3.10)"]
jupyter = ["ipython (>=7.8.0)", "tokenize-rt (>=3.2.0)"]
uvloop = ["uvloop (>=0.15.2) ; sys_platform != \"win32\"", "winloop (>=0.5.0) ; sys_platform == \"win32\""]

[[package]]
name = "click"
version = "8.3.1"
description = "Composable command line interface toolkit"
optional = false
python-versions = ">=3.10"
groups = ["dev"]
files = [
    {file = "click-8.3.1-py3-none-any.whl", hash = "sha256:981153a64e25f12d547d3426c367a4857371575ee7ad18df2a6183ab0545b2a6"},
    {file = "click-8.3.1.tar.gz", hash = "sha256:12ff4785d337a1bb490bb7e9c2b1ee5da3112e94a8622f26a6c77f5d2fc6842a"},
]

[package.dependencies]
colorama = {version = "*", markers = "platform_system == \"Windows\""}

[[package]]
name = "colorama"
version = "0.4.6"
description = "Cross-platform colored terminal text."
optional = false
python-versions = "!=3.0.*,!=3.1.*,!=3.2.*,!=3.3.*,!=3.4.*,!=3.5.*,!=3.6.*,>=2.7"
groups = ["dev"]
files = [
    {file = "colorama-0.4.6-py2.py3-none-any.whl", hash = "sha256:4f1d9991f5acc0ca119f9d443620b77f9d6b33703e51011c16baf57afb285fc6"},
    {file = "colorama-0.4.6.tar.gz", hash = "sha256:08695f5cb7ed6e0531a20572697297273c47b8cae5a63ffc6d6ed5c201be6e44"},
]

[[package]]
name = "construct"
version = "2.10.70"
description = "A powerful declarative symmetric parser/builder for binary data"
optional = false
python-versions = ">=3.6"
groups = ["main"]
files = [
    {file = "construct-2.10.70-py3-none-any.whl", hash = "sha256:c80be81ef595a1a821ec69dc16099550ed22197615f4320b57cc9ce2a672cb30"},
    {file = "construct-2.10.70.tar.gz", hash = "sha256:4d2472f9684731e58cc9c56c463be63baa1447d674e0d66aeb5627b22f512c29"},
]

[package.extras]
extras = ["arrow", "cloudpickle", "cryptography", "lz4", "numpy", "ruamel.yaml"]

[[package]]
name = "dill"
version = "0.4.1"
description = "serialize all of Python"
optional = false
python-versions = ">=3.9"
groups = ["dev"]
files = [
    {file = "dill-0.4.1-py3-none-any.whl", hash = "sha256:1e1ce33e978ae97fcfcff5638477032b801c46c7c65cf717f95fbc2248f79a9d"},
    {file = "dill-0.4.1.tar.gz", hash = "sha256:423092df4182177d4d8ba8290c8a5b640c66ab35ec7da59ccfa00f6fa3eea5fa"},
]

[package.extras]
graph = ["objgraph (>=1.7.2)"]
profile = ["gprof2dot (>=2022.7.29)"]

[[package]]
name = "iniconfig"
version = "2.3.0"
description = "brain-dead simple config-ini parsing"
optional = false
python-versions = ">=3.10"
groups = ["dev"]
files = [
    {file = "iniconfig-2.3.0-py3-none-any.whl", hash = "sha256:f631c04d2c48c52b84d0d0549c99ff3859c98df65b3101406327ecc7d53fbf12"},
    {file = "iniconfig-2.3.0.tar.gz", hash = "sha256:c76315c77db068650d49c5b56314774a7804df16fee4402c1f19d6d15d8c4730"},
]

[[package]]
name = "isort"
version = "8.0.1"
description = "A Python utility / library to sort Python imports."
optional = false
python-versions = ">=3.10.0"
groups = ["dev"]
files = [
    {file = "isort-8.0.1-py3-none-any.whl", hash = "sha256:28b89bc70f751b559aeca209e6120393d43fbe2490de0559662be7a9787e3d75"},
    {file = "isort-8.0.1.tar.gz", hash = "sha256:171ac4ff559cdc060bcfff550bc8404a486fee0caab245679c2abe7cb253c78d"},
]

[package.dependencies]
colorama = {version = "*", optional = true, markers = "extra == \"colors\""}

[package.extras]
colors = ["colorama"]

[[package]]
name = "mccabe"
version = "0.7.0"
description = "McCabe checker, plugin for flake8"
optional = false
python-versions = ">=3.6"
groups = ["dev"]
files = [
    {file = "mccabe-0.7.0-py2.py3-none-any.whl", hash = "sha256:6c2d30ab6be0e4a46919781807b4f0d834ebdd6c6e3dca0bda5a15f863427b6e"},
    {file = "mccabe-0.7.0.tar.gz", hash = "sha256:348e0240c33b60bbdf4e523192ef919f28cb2c3d7d5c7794f74009290f236325"},
]

[[package]]
name = "mypy-extensions"
version = "1.1.0"
description = "Type system extensions for programs checked with the mypy type checker."
optional = false
python-versions = ">=3.8"
groups = ["dev"]
files = [
    {file = "mypy_extensions-1.1.0-py3-none-any.whl", hash = "sha256:1be4cccdb0f2482337c4743e60421de3a356cd97508abadd57d47403e94f5505"},
    {file = "mypy_extensions-1.1.0.tar.gz", hash = "sha256:52e68efc3284861e772bbcd66823fde5ae21fd2fdb51c62a211403730b916558"},
]

[[package]]
name = "packaging"
version = "26.0"
description = "Core utilities for Python packages"
optional = false
python-versions = ">=3.8"
groups = ["dev"]
files = [
    {file = "packaging-26.0-py3-none-any.whl", hash = "sha256:b36f1fef9334a5588b4166f8bcd26a14e521f2b55e6b9de3aaa80d3ff7a37529"},
    {file = "packaging-26.0.tar.gz", hash = "sha256:00243ae351a257117b6a241061796684b084ed1c516a08c48a3f7e147a9d80b4"},
]

[[package]]
name = "pathspec"
version = "1.0.4"
description = "Utility library for gitignore style pattern matching of file paths."
optional = false
python-versions = ">=3.9"
groups = ["dev"]
files = [
    {file = "pathspec-1.0.4-py3-none-any.whl", hash = "sha256:fb6ae2fd4e7c921a165808a552060e722767cfa526f99ca5156ed2ce45a5c723"},
    {file = "pathspec-1.0.4.tar.gz", hash = "sha256:0210e2ae8a21a9137c0d470578cb0e595af87edaa6ebf12ff176f14a02e0e645"},
]

[package.extras]
hyperscan = ["hyperscan (>=0.7)"]
optional = ["typing-extensions (>=4)"]
re2 = ["google-re2 (>=1.1)"]
tests = ["pytest (>=9)", "typing-extensions (>=4.15)"]

[[package]]
name = "platformdirs"
version = "4.9.4"
description = "A small Python package for determining appropriate platform-specific dirs, e.g. a `user data dir`."
optional = false
python-versions = ">=3.10"
groups = ["dev"]
files = [
    {file = "platformdirs-4.9.4-py3-none-any.whl", hash = "sha256:68a9a4619a666ea6439f2ff250c12a853cd1cbd5158d258bd824a7df6be2f868"},
    {file = "platformdirs-4.9.4.tar.gz", hash = "sha256:1ec356301b7dc906d83f371c8f487070e99d3ccf9e501686456394622a01a934"},
]

[[package]]
name = "pluggy"
version = "1.6.0"
description = "plugin and hook calling mechanisms for python"
optional = false
python-versions = ">=3.9"
groups = ["dev"]
files = [
    {file = "pluggy-1.6.0-py3-none-any.whl", hash = "sha256:e920276dd6813095e9377c0bc5566d94c932c33b27a3e3945d8389c374dd4746"},
    {file = "pluggy-1.6.0.tar.gz", hash = "sha256:7dcc130b76258d33b90f61b658791dede3486c3e6bfb003ee5c9bfb396dd22f3"},
]

[package.extras]
dev = ["pre-commit", "tox"]
testing = ["coverage", "pytest", "pytest-benchmark"]

[[package]]
name = "pycapnp"
version = "2.2.2"
description = "A cython wrapping of the C++ Cap'n Proto library"
optional = true
python-versions = ">=3.8"
groups = ["main"]
markers = "extra == \"capnp\""
files = [
    {file = "pycapnp-2.2.2-cp310-cp310-macosx_10_9_x86_64.whl", hash = "sha256:2ef914139f914d709fbda4b178275d911214f8e742465d70fde2ccdccf5a7ef1"},
    {file = "pycapnp-2.2.2-cp310-cp310-macosx_11_0_arm64.whl", hash = "sha256:c11a80978a8ecac5294bc28a5bc5778c8e9a1a20ef78e7b1a94f71c2bc2c7268"},
    {file = "pycapnp-2.2.2-cp310-cp310-manylinux_2_28_aarch64.whl", hash = "sha256:b85c0c31a5808070260e64262989447f33b7546e25303b7d64d56a99b653044f"},
    {file = "pycapnp-2.2.2-cp310-cp310-manylinux_2_28_i686.whl", hash = "sha256:41d4efb9156a4b8230f64c2d41c96207883e68f31b37e2a799340db8f1956dd7"},
    {file = "pycapnp-2.2.2-cp310-cp310-manylinux_2_28_ppc64le.whl", hash = "sha256:27d933c385ff3db8702eb30c5ad67daf9f91c8ab22ee61358fa88fb875dcad7e"},
    {file = "pycapnp-2.2.2-cp310-cp310-manylinux_2_28_s390x.whl", hash = "sha256:f6a87a1f1c42d703be8cd9fadc81db885b1abb1d0bf1893d55ceaabaf4b16939"},
    {file = "pycapnp-2.2.2-cp310-cp310-manylinux_2_28_x86_64.whl", hash = "sha256:0847f2430816fdaee815c355730a53bc5c035b7a0b6aab6d0fcf33d89b675730"},
    {file = "pycapnp-2.2.2-cp310-cp310-musllinux_1_2_aarch64.whl", hash = "sha256:e3042d48244042b63f433b55f8d90ef58edc1ca1b51f751c8d43c698496ffd0d"},
    {file = "pycapnp-2.2.2-cp310-cp310-musllinux_1_2_i686.whl", hash = "sha256:53d2e280a0bae38b21387caf6312af857973a904dd56498d5abd6d02ec84ec76"},
    {file = "pycapnp-2.2.2-cp310-cp310-musllinux_1_2_ppc64le.whl", hash = "sha256:b6488d6e7aa1611ed4c764fc6f3628951f89b1ec36291a2a163b53a34c49bb9f"},
    {file = "pycapnp-2.2.2-cp310-cp310-musllinux_1_2_s390x.whl", hash = "sha256:25cdb9d48193deda927e7f9572c9ff93173ef983065793381ada8b8f2b4e1fdc"},
    {file = "pycapnp-2.2.2-cp310-cp310-musllinux_1_2_x86_64.whl", hash = "sha256:3fbb2f79c71dc2d6345e334864d1760e83bbe29ce2fcba160be99d48afc9eb39"},
    {file = "pycapnp-2.2.2-cp310-cp310-win32.whl", hash = "sha256:e96d31d2ab9a1ee48b5304751ff603a55a8d99c1f0aad87d20c82b73969d0581"},
    {file = "pycapnp-2.2.2-cp310-cp310-win_amd64.whl", hash = "sha256:4d2b791abc65fa6c052d06f0d6057f6b08a712e8a1068a0b1d8c5e2ddea32dd7"},
    {file = "pycapnp-2.2.2-cp311-cp311-macosx_10_9_x86_64.whl", hash = "sha256:3b49906285d5fdd91b352329eaa33ec54162053a0fae5467389f3762a6c27e09"},
    {file = "pycapnp-2.2.2-cp311-cp311-macosx_11_0_arm64.whl", hash = "sha256:a603298b27356cb1766b4c965964a90a1af98b97c7513a369ed483bb267dfd83"},
    {file = "pycapnp-2.2.2-cp311-cp311-manylinux_2_28_aarch64.whl", hash = "sha256:c858cd32f9b940bd5412e8a992f5b3983010611ad03f2a548f39b50aa5c60e76"},
    {file = "pycapnp-2.2.2-cp311-cp311-manylinux_2_28_i686.whl", hash = "sha256:7fc395295229817b7436702cd3aaaf50a8587a9842b0616d683504f81166c3b0"},
    {file = "pycapnp-2.2.2-cp311-cp311-manylinux_2_28_ppc64le.whl", hash = "sha256:3c64660d72dda255d597151024105318f931404c1f5d8e38d32bd03a5a1cbc5b"},
    {file = "pycapnp-2.2.2-cp311-cp311-manylinux_2_28_s390x.whl", hash = "sha256:0023a873567d1cb2c11de599a3d3a49810bfbbe1eacc66001ff61140a0b57040"},
    {file = "pycapnp-2.2.2-cp311-cp311-manylinux_2_28_x86_64.whl", hash = "sha256:2905d571800c8871b14bba31effc80383d321eaced37506ce050521c5962eb61"},
    {file = "pycapnp-2.2.2-cp311-cp311-musllinux_1_2_aarch64.whl", hash = "sha256:f731680b232235038f4d7390c2e6d6f1dc03d42d0e2c12f72e99e666cefdff01"},
    {file = "pycapnp-2.2.2-cp311-cp311-musllinux_1_2_i686.whl", hash = "sha256:6eed184d6e7e8d2ed7ef3ffd35fc2a6616835342ca99457845945dbe088b8874"},
    {file = "pycapnp-2.2.2-cp311-cp311-musllinux_1_2_ppc64le.whl", hash = "sha256:2e7b6b2339e394cd7aed712d01303313a5e50259d68003ed63b50bf73ba382d5"},
    {file = "pycapnp-2.2.2-cp311-cp311-musllinux_1_2_s390x.whl", hash = "sha256:19a58b202a306c8a5b1ceb939bd1b6521061d161cf7c19fde3fcedc4db6e20dd"},
    {file = "pycapnp-2.2.2-cp311-cp311-musllinux_1_2_x86_64.whl", hash = "sha256:973d132853433054739646958719301bb925621c2649e8dbcee0d7e9aaffa926"},
    {file = "pycapnp-2.2.2-cp311-cp311-win32.whl", hash = "sha256:b2df0674a4edcbf89829e3537815c760b95fae2e37ec0a14af37dda05d62d062"},
    {file = "pycapnp-2.2.2-cp311-cp311-win_amd64.whl", hash = "sha256:a662c8bcc27f00ab86a78d377d01e42a61b510d0e33399267fef7639d020c71f"},
    {file = "pycapnp-2.2.2-cp312-cp312-macosx_10_13_x86_64.whl", hash = "sha256:8b86cb8ea5b8011b562c4e022325a826a62f91196ceb5aa33a766c0bea0b8fd3"},
    {file = "pycapnp-2.2.2-cp312-cp312-macosx_11_0_arm64.whl", hash = "sha256:2353531cfa669e3eeb99be9f993573341650276abec46676d687cc12b3e6b6d9"},
    {file = "pycapnp-2.2.2-cp312-cp312-manylinux_2_28_aarch64.whl", hash = "sha256:ee27bdc78c7ccd8eaa0fe31e09f0ec4ef31deda3f475fc9373bb4b0de8083053"},
    {file = "pycapnp-2.2.2-cp312-cp312-manylinux_2_28_i686.whl", hash = "sha256:a8ded808911d1d7a9a2197626c09eea6e269e74dc1276760789538b1efcf6cd5"},
    {file = "pycapnp-2.2.2-cp312-cp312-manylinux_2_28_ppc64le.whl", hash = "sha256:59e92e1db40041d82a95eab0bd8de2676ce50c6b97c1457e2edde4d134b6d046"},
    {file = "pycapnp-2.2.2-cp312-cp312-manylinux_2_28_s390x.whl", hash = "sha256:ee1e9ac2f0b80fa892b922b60e36efc925d072ecf1204ba3e59d8d9ac7c3dc83"},
    {file = "pycapnp-2.2.2-cp312-cp312-manylinux_2_28_x86_64.whl", hash = "sha256:53273b385be78ed8ac997ff8697f2a4c760e93c190b509822a937de5531f4861"},
    {file = "pycapnp-2.2.2-cp312-cp312-musllinux_1_2_aarch64.whl", hash = "sha256:812cbdd002bc542b63f969b85c6b9041dfdaf4185613635a6d4feea84c9092fa"},
    {file = "pycapnp-2.2.2-cp312-cp312-musllinux_1_2_i686.whl", hash = "sha256:9c330218a44bd649b96f565dbf5326d183fdd20f9887bdedfeabd73f0366c2e1"},
    {file = "pycapnp-2.2.2-cp312-cp312-musllinux_1_2_ppc64le.whl", hash = "sha256:796aa0ba18bcd4e6b2815471bbed059ad7ee8a815a30e81ac8a9aa030ec7818d"},
    {file = "pycapnp-2.2.2-cp312-cp312-musllinux_1_2_s390x.whl", hash = "sha256:251a6abdd64b9b11d2a8e16fc365b922ef6ba6c968959b72a3a3d9d8ec8cc8d7"},
    {file = "pycapnp-2.2.2-cp312-cp312-musllinux_1_2_x86_64.whl", hash = "sha256:6aab811e0fcc27ae8bf5f04dedaa7e0af47e0d4db51d9c85ab0d2dad26a46bd7"},
    {file = "pycapnp-2.2.2-cp312-cp312-win32.whl", hash = "sha256:5061c85dd8f843b2656720ca6976d2a9b418845580c6f6d9602f7119fc2208d5"},
    {file = "pycapnp-2.2.2-cp312-cp312-win_amd64.whl", hash = "sha256:700eb8c77405222903af3fb5a371c0d766f86139c3d51f4bff41ccd6403b51f9"},
    {file = "pycapnp-2.2.2-cp313-cp313-macosx_10_13_x86_64.whl", hash = "sha256:90138fceca1e85ea3eaa0de6656e33c4bef1c8da3c191db0a5b5bacc969f7889"},
    {file = "pycapnp-2.2.2-cp313-cp313-macosx_11_0_arm64.whl", hash = "sha256:cd0549036bfddb003f8e371c3c4ed3f56ac847953eb57cdd371100bb52afa64e"},
    {file = "pycapnp-2.2.2-cp313-cp313-manylinux_2_28_aarch64.whl", hash = "sha256:7c5a8f6d96017a7bb7e202fa8920fcdad119deab0d761f9aca1e6a4755376cef"},
    {file = "pycapnp-2.2.2-cp313-cp313-manylinux_2_28_i686.whl", hash = "sha256:bba31a8ba8ec32a04c5a14a5e469df7e1f1b85e169f49f7c2edfdfb78ec5075f"},
    {file = "pycapnp-2.2.2-cp313-cp313-manylinux_2_28_ppc64le.whl", hash = "sha256:2decdaeb517120e152f7d9ddede393a830087ac3f1024c5224f2ec58e1735abd"},
    {file = "pycapnp-2.2.2-cp313-cp313-manylinux_2_28_s390x.whl", hash = "sha256:e879127ac9580005efcd51ec9ae903f1dd98954fb4ea88db9cf534e9a4afb379"},
    {file = "pycapnp-2.2.2-cp313-cp313-manylinux_2_28_x86_64.whl", hash = "sha256:7092c2393191221b8ce1c03ddc1343d1ff26d36129a831017d2371867e9c09bb"},
    {file = "pycapnp-2.2.2-cp313-cp313-musllinux_1_2_aarch64.whl", hash = "sha256:682812bf9ba4a60309b7150763cd5abed9341a31375398f3d2f60fee26143e13"},
    {file = "pycapnp-2.2.2-cp313-cp313-musllinux_1_2_i686.whl", hash = "sha256:6f321dbf33767bc2fd77dd66265177284697089f9e45b6dee7fd462b2b5cf918"},
    {file = "pycapnp-2.2.2-cp313-cp313-musllinux_1_2_ppc64le.whl", hash = "sha256:1d443d38f1cbeaec5b20b420117885fd5de812c5687e3bc8456d2e2c5cba371e"},
    {file = "pycapnp-2.2.2-cp313-cp313-musllinux_1_2_s390x.whl", hash = "sha256:20a31fedb7ef30ec53d5d2d951a7cec8f639c954557093a3ba3d11aba5d174b4"},
    {file = "pycapnp-2.2.2-cp313-cp313-musllinux_1_2_x86_64.whl", hash = "sha256:fbefb388464501899233d0b7d27256edd22c3cebb5a312da5d9f246671e9455e"},
    {file = "pycapnp-2.2.2-cp313-cp313-win32.whl", hash = "sha256:a25e3b3ef40d430309acc7c024aa62b1ee6b2e7a85b341a8b7a8a6f8e29d4133"},
    {file = "pycapnp-2.2.2-cp313-cp313-win_amd64.whl", hash = "sha256:db65c9ec9d69bac6d19092db43b5e1f3cb2c680810418fd1e02316f7ef157fc1"},
    {file = "pycapnp-2.2.2-cp38-cp38-macosx_10_9_x86_64.whl", hash = "sha256:930b2139f9b99ceec2b93c1a64157d4abe978707d77ab44bcd31c1d67a9fe21b"},
    {file = "pycapnp-2.2.2-cp38-cp38-macosx_11_0_arm64.whl", hash = "sha256:0cb872dc4824fb8c69a30153037bf42f9cd6b7ed506dbd42d415b3a3aa3c0d07"},
    {file = "pycapnp-2.2.2-cp38-cp38-manylinux_2_28_aarch64.whl", hash = "sha256:6754fbc0b5f81d313959e0436f025706b1895d8fc8cfedf124a867b1b2e247b1"},
    {file = "pycapnp-2.2.2-cp38-cp38-manylinux_2_28_i686.whl", hash = "sha256:616efb055cf5b3b8ba424c42744dfc4f589b3ead7256fc6de73526cfb0b691c3"},
    {file = "pycapnp-2.2.2-cp38-cp38-manylinux_2_28_ppc64le.whl", hash = "sha256:a95bbfc095c9a5f1c9ac3398679a8dcfe48a7f0eef6246317660a38136a50e8f"},
    {file = "pycapnp-2.2.2-cp38-cp38-manylinux_2_28_s390x.whl", hash = "sha256:b8ea7be280a0cdf0cd21e6114512ca9d06843d0cdc2cf7f8dc41a01b22cd376d"},
    {file = "pycapnp-2.2.2-cp38-cp38-manylinux_2_28_x86_64.whl", hash = "sha256:fa12d8581d0c532308d1a2e1d17ffe7b8be3b9584ee1f8940257fea8a83aeca3"},
    {file = "pycapnp-2.2.2-cp38-cp38-musllinux_1_2_aarch64.whl", hash = "sha256:b2bc36ec644de523119416fd5b7ecbf602a0b7b9a33a858b51f59a24f21f3266"},
    {file = "pycapnp-2.2.2-cp38-cp38-musllinux_1_2_i686.whl", hash = "sha256:6af0e74a1171905d7660b71077c3ec30cee8eb01da09fe98aa211c59b099fdac"},
    {file = "pycapnp-2.2.2-cp38-cp38-musllinux_1_2_ppc64le.whl", hash = "sha256:a0d70ab06f84f83173e542e7abb343366def51999e331f8d48011dac9ab4c3d7"},
    {file = "pycapnp-2.2.2-cp38-cp38-musllinux_1_2_s390x.whl", hash = "sha256:4050ee430fa507ffe072b1c1e70049d4efde2467c36b4bdbd8b60a2cff6d743b"},
    {file = "pycapnp-2.2.2-cp38-cp38-musllinux_1_2_x86_64.whl", hash = "sha256:cdc9837de841b74e67cc8f1c30303358df8ffb028bff618bb5a36ff7d3b0737b"},
    {file = "pycapnp-2.2.2-cp38-cp38-win32.whl", hash = "sha256:0ff94350882cff82c7baf69430a48adc8753cd48e53de17f98f24ef01771857a"},
    {file = "pycapnp-2.2.2-cp38-cp38-win_amd64.whl", hash = "sha256:f26ab469387b9b530ab553c9d5cba36950f061e2d8673a7d83dac3b2a2d44676"},
    {file = "pycapnp-2.2.2-cp39-cp39-macosx_10_9_x86_64.whl", hash = "sha256:da981499958b03c2b3e61880a7d7f1ae71814bde10934e4dd80fc5f0010b2397"},
    {file = "pycapnp-2.2.2-cp39-cp39-macosx_11_0_arm64.whl", hash = "sha256:cd2db1f30fb355db3356da54ba2b660f0fdc8070a3b160ae450f06e7bdbed556"},
    {file = "pycapnp-2.2.2-cp39-cp39-manylinux_2_28_aarch64.whl", hash = "sha256:fef8152a71e5844fd3a3ddb61c734d349a3cdf105b70f17566475cf701bc45d6"},
    {file = "pycapnp-2.2.2-cp39-cp39-manylinux_2_28_i686.whl", hash = "sha256:d250f2d9b319f5be12ef701dfb9df2ce8e2f0a9e71b3c9ed9689f8c3f780fd80"},
    {file = "pycapnp-2.2.2-cp39-cp39-manylinux_2_28_ppc64le.whl", hash = "sha256:687f56b3a1b7fc73745fc5174b9fcf4e050da7d4d0536b11548453978530d814"},
    {file = "pycapnp-2.2.2-cp39-cp39-manylinux_2_28_s390x.whl", hash = "sha256:985ad6d2e9bd139418f1a6d6aa9e0bc6414220143511782c628c4d939dd7d5b7"},
    {file = "pycapnp-2.2.2-cp39-cp39-manylinux_2_28_x86_64.whl", hash = "sha256:9dea47d7b554ab150486a1b95017bc43e210fc9691f0d06eb3174ed6e4a83316"},
    {file = "pycapnp-2.2.2-cp39-cp39-musllinux_1_2_aarch64.whl", hash = "sha256:e822f5c7c55da330fdc3a3acdce85c5f9c7141b63a6ced534ca57a0aa89ff020"},
    {file = "pycapnp-2.2.2-cp39-cp39-musllinux_1_2_i686.whl", hash = "sha256:57255b3bcc4ed776904071cd4f4c28d79b7df5988600cf90de405785786e0a91"},
    {file = "pycapnp-2.2.2-cp39-cp39-musllinux_1_2_ppc64le.whl", hash = "sha256:81e30555c2f7851cedcea1c5808cf818145e106fae085b1e932406ea28ceb302"},
    {file = "pycapnp-2.2.2-cp39-cp39-musllinux_1_2_s390x.whl", hash = "sha256:348102c8c42fdd6b46f81a4b7b389e2f03a20a38812327e09587f93a5ad1b7e0"},
    {file = "pycapnp-2.2.2-cp39-cp39-musllinux_1_2_x86_64.whl", hash = "sha256:924597b84fa6acff68fbd1b2afb28abd042f1fc45973eac809826f8400df9307"},
    {file = "pycapnp-2.2.2-cp39-cp39-win32.whl", hash = "sha256:6a6a5b21dec7f9e3835bea454e193ba6f19e57697c2464d3cfa02b12cea60b5b"},
    {file = "pycapnp-2.2.2-cp39-cp39-win_amd64.whl", hash = "sha256:49d0b45d40d125d8c886aa93adb5815e1c50210f7259dbe7270c35872142f721"},
    {file = "pycapnp-2.2.2.tar.gz", hash = "sha256:7f6c23c2283173a3cb6f1a5086dd0114779d508a7cd1b138d25a6357857d02b6"},
]

[[package]]
name = "pygments"
version = "2.19.2"
description = "Pygments is a syntax highlighting package written in Python."
optional = false
python-versions = ">=3.8"
groups = ["dev"]
files = [
    {file = "pygments-2.19.2-py3-none-any.whl", hash = "sha256:86540386c03d588bb81d44bc3928634ff26449851e99741617ecb9037ee5ec0b"},
    {file = "pygments-2.19.2.tar.gz", hash = "sha256:636cb2477cec7f8952536970bc533bc43743542f70392ae026374600add5b887"},
]

[package.extras]
windows-terminal = ["colorama (>=0.4.6)"]

[[package]]
name = "pylint"
version = "4.0.5"
description = "python code static checker"
optional = false
python-versions = ">=3.10.0"
groups = ["dev"]
files = [
    {file = "pylint-4.0.5-py3-none-any.whl", hash = "sha256:00f51c9b14a3b3ae08cff6b2cdd43f28165c78b165b628692e428fb1f8dc2cf2"},
    {file = "pylint-4.0.5.tar.gz", hash = "sha256:8cd6a618df75deb013bd7eb98327a95f02a6fb839205a6bbf5456ef96afb317c"},
]

[package.dependencies]
astroid = ">=4.0.2,<=4.1.dev0"
colorama = {version = ">=0.4.5", markers = "sys_platform == \"win32\""}
dill = {version = ">=0.3.7", markers = "python_version >= \"3.12\""}
isort = ">=5,<5.13 || >5.13,<9"
mccabe = ">=0.6,<0.8"
platformdirs = ">=2.2"
tomlkit = ">=0.10.1"

[package.extras]
spelling = ["pyenchant (>=3.2,<4.0)"]
testutils = ["gitpython (>3)"]

[[package]]
name = "pytest"
version = "9.0.2"
description = "pytest: simple powerful testing with Python"
optional = false
python-versions = ">=3.10"
groups = ["dev"]
files = [
    {file = "pytest-9.0.2-py3-none-any.whl", hash = "sha256:711ffd45bf766d5264d487b917733b453d917afd2b0ad65223959f59089f875b"},
    {file = "pytest-9.0.2.tar.gz", hash = "sha256:75186651a92bd89611d1d9fc20f0b4345fd827c41ccd5c299a868a05d70edf11"},
]

[package.dependencies]
colorama = {version = ">=0.4", markers = "sys_platform == \"win32\""}
iniconfig = ">=1.0.1"
packaging = ">=22"
pluggy = ">=1.5,<2"
pygments = ">=2.7.2"

[package.extras]
dev = ["argcomplete", "attrs (>=19.2)", "hypothesis (>=3.56)", "mock", "requests", "setuptools", "xmlschema"]

[[package]]
name = "pytokens"
version = "0.4.1"
description = "A Fast, spec compliant Python 3.14+ tokenizer that runs on older Pythons."
optional = false
python-versions = ">=3.8"
groups = ["dev"]
files = [
    {file = "pytokens-0.4.1-cp310-cp310-macosx_11_0_arm64.whl", hash = "sha256:2a44ed93ea23415c54f3face3b65ef2b844d96aeb3455b8a69b3df6beab6acc5"},
    {file = "pytokens-0.4.1-cp310-cp310-manylinux2014_aarch64.manylinux_2_17_aarch64.manylinux_2_28_aarch64.whl", hash = "sha256:add8bf86b71a5d9fb5b89f023a80b791e04fba57960aa790cc6125f7f1d39dfe"},
    {file = "pytokens-0.4.1-cp310-cp310-manylinux2014_x86_64.manylinux_2_17_x86_64.manylinux_2_28_x86_64.whl", hash = "sha256:670d286910b531c7b7e3c0b453fd8156f250adb140146d234a82219459b9640c"},
    {file = "pytokens-0.4.1-cp310-cp310-musllinux_1_2_x86_64.whl", hash = "sha256:4e691d7f5186bd2842c14813f79f8884bb03f5995f0575272009982c5ac6c0f7"},
    {file = "pytokens-0.4.1-cp310-cp310-win_amd64.whl", hash = "sha256:27b83ad28825978742beef057bfe406ad6ed524b2d28c252c5de7b4a6dd48fa2"},
    {file = "pytokens-0.4.1-cp311-cp311-macosx_11_0_arm64.whl", hash = "sha256:d70e77c55ae8380c91c0c18dea05951482e263982911fc7410b1ffd1dadd3440"},
    {file = "pytokens-0.4.1-cp311-cp311-manylinux2014_aarch64.manylinux_2_17_aarch64.manylinux_2_28_aarch64.whl", hash = "sha256:4a58d057208cb9075c144950d789511220b07636dd2e4708d5645d24de666bdc"},
    {file = "pytokens-0.4.1-cp311-cp311-manylinux2014_x86_64.manylinux_2_17_x86_64.manylinux_2_28_x86_64.whl", hash = "sha256:b49750419d300e2b5a3813cf229d4e5a4c728dae470bcc89867a9ad6f25a722d"},
    {file = "pytokens-0.4.1-cp311-cp311-musllinux_1_2_x86_64.whl", hash = "sha256:d9907d61f15bf7261d7e775bd5d7ee4d2930e04424bab1972591918497623a16"},
    {file = "pytokens-0.4.1-cp311-cp311-win_amd64.whl", hash = "sha256:ee44d0f85b803321710f9239f335aafe16553b39106384cef8e6de40cb4ef2f6"},
    {file = "pytokens-0.4.1-cp312-cp312-macosx_11_0_arm64.whl", hash = "sha256:140709331e846b728475786df8aeb27d24f48cbcf7bcd449f8de75cae7a45083"},
    {file = "pytokens-0.4.1-cp312-cp312-manylinux2014_aarch64.manylinux_2_17_aarch64.manylinux_2_28_aarch64.whl", hash = "sha256:6d6c4268598f762bc8e91f5dbf2ab2f61f7b95bdc07953b602db879b3c8c18e1"},
    {file = "pytokens-0.4.1-cp312-cp312-manylinux2014_x86_64.manylinux_2_17_x86_64.manylinux_2_28_x86_64.whl", hash = "sha256:24afde1f53d95348b5a0eb19488661147285ca4dd7ed752bbc3e1c6242a304d1"},
    {file = "pytokens-0.4.1-cp312-cp312-musllinux_1_2_x86_64.whl", hash = "sha256:5ad948d085ed6c16413eb5fec6b3e02fa00dc29a2534f088d3302c47eb59adf9"},
    {file = "pytokens-0.4.1-cp312-cp312-win_amd64.whl", hash = "sha256:3f901fe783e06e48e8cbdc82d631fca8f118333798193e026a50ce1b3757ea68"},
    {file = "pytokens-0.4.1-cp313-cp313-macosx_11_0_arm64.whl", hash = "sha256:8bdb9d0ce90cbf99c525e75a2fa415144fd570a1ba987380190e8b786bc6ef9b"},
    {file = "pytokens-0.4.1-cp313-cp313-manylinux2014_aarch64.manylinux_2_17_aarch64.manylinux_2_28_aarch64.whl", hash = "sha256:5502408cab1cb18e128570f8d598981c68a50d0cbd7c61312a90507cd3a1276f"},
    {file = "pytokens-0.4.1-cp313-cp313-manylinux2014_x86_64.manylinux_2_17_x86_64.manylinux_2_28_x86_64.whl", hash = "sha256:29d1d8fb1030af4d231789959f21821ab6325e463f0503a61d204343c9b355d1"},
    {file = "pytokens-0.4.1-cp313-cp313-musllinux_1_2_x86_64.whl", hash = "sha256:970b08dd6b86058b6dc07efe9e98414f5102974716232d10f32ff39701e841c4"},
    {file = "pytokens-0.4.1-cp313-cp313-win_amd64.whl", hash = "sha256:9bd7d7f544d362576be74f9d5901a22f317efc20046efe2034dced238cbbfe78"},
    {file = "pytokens-0.4.1-cp314-cp314-macosx_11_0_arm64.whl", hash = "sha256:4a14d5f5fc78ce85e426aa159489e2d5961acf0e47575e08f35584009178e321"},
    {file = "pytokens-0.4.1-cp314-cp314-manylinux2014_aarch64.manylinux_2_17_aarch64.manylinux_2_28_aarch64.whl", hash = "sha256:97f50fd18543be72da51dd505e2ed20d2228c74e0464e4262e4899797803d7fa"},
    {file = "pytokens-0.4.1-cp314-cp314-manylinux2014_x86_64.manylinux_2_17_x86_64.manylinux_2_28_x86_64.whl", hash = "sha256:dc74c035f9bfca0255c1af77ddd2d6ae8419012805453e4b0e7513e17904545d"},
    {file = "pytokens-0.4.1-cp314-cp314-musllinux_1_2_x86_64.whl", hash = "sha256:f66a6bbe741bd431f6d741e617e0f39ec7257ca1f89089593479347cc4d13324"},
    {file = "pytokens-0.4.1-cp314-cp314-win_amd64.whl", hash = "sha256:b35d7e5ad269804f6697727702da3c517bb8a5228afa450ab0fa787732055fc9"},
    {file = "pytokens-0.4.1-cp314-cp314t-macosx_11_0_arm64.whl", hash = "sha256:8fcb9ba3709ff77e77f1c7022ff11d13553f3c30299a9fe246a166903e9091eb"},
    {file = "pytokens-0.4.1-cp314-cp314t-manylinux2014_aarch64.manylinux_2_17_aarch64.manylinux_2_28_aarch64.whl", hash = "sha256:79fc6b8699564e1f9b521582c35435f1bd32dd06822322ec44afdeba666d8cb3"},
    {file = "pytokens-0.4.1-cp314-cp314t-manylinux2014_x86_64.manylinux_2_17_x86_64.manylinux_2_28_x86_64.whl", hash = "sha256:d31b97b3de0f61571a124a00ffe9a81fb9939146c122c11060725bd5aea79975"},
    {file = "pytokens-0.4.1-cp314-cp314t-musllinux_1_2_x86_64.whl", hash = "sha256:967cf6e3fd4adf7de8fc73cd3043754ae79c36475c1c11d514fc72cf5490094a"},
    {file = "pytokens-0.4.1-cp314-cp314t-win_amd64.whl", hash = "sha256:584c80c24b078eec1e227079d56dc22ff755e0ba8654d8383b2c549107528918"},
    {file = "pytokens-0.4.1-cp38-cp38-macosx_11_0_arm64.whl", hash = "sha256:da5baeaf7116dced9c6bb76dc31ba04a2dc3695f3d9f74741d7910122b456edc"},
    {file = "pytokens-0.4.1-cp38-cp38-manylinux2014_aarch64.manylinux_2_17_aarch64.manylinux_2_28_aarch64.whl", hash = "sha256:11edda0942da80ff58c4408407616a310adecae1ddd22eef8c692fe266fa5009"},
    {file = "pytokens-0.4.1-cp38-cp38-manylinux2014_x86_64.manylinux_2_17_x86_64.manylinux_2_28_x86_64.whl", hash = "sha256:0fc71786e629cef478cbf29d7ea1923299181d0699dbe7c3c0f4a583811d9fc1"},
    {file = "pytokens-0.4.1-cp38-cp38-musllinux_1_2_x86_64.whl", hash = "sha256:dcafc12c30dbaf1e2af0490978352e0c4041a7cde31f4f81435c2a5e8b9cabb6"},
    {file = "pytokens-0.4.1-cp38-cp38-win_amd64.whl", hash = "sha256:42f144f3aafa5d92bad964d471a581651e28b24434d184871bd02e3a0d956037"},
    {file = "pytokens-0.4.1-cp39-cp39-macosx_11_0_arm64.whl", hash = "sha256:34bcc734bd2f2d5fe3b34e7b3c0116bfb2397f2d9666139988e7a3eb5f7400e3"},
    {file = "pytokens-0.4.1-cp39-cp39-manylinux2014_aarch64.manylinux_2_17_aarch64.manylinux_2_28_aarch64.whl", hash = "sha256:941d4343bf27b605e9213b26bfa1c4bf197c9c599a9627eb7305b0defcfe40c1"},
    {file = "pytokens-0.4.1-cp39-cp39-manylinux2014_x86_64.manylinux_2_17_x86_64.manylinux_2_28_x86_64.whl", hash = "sha256:3ad72b851e781478366288743198101e5eb34a414f1d5627cdd585ca3b25f1db"},
    {file = "pytokens-0.4.1-cp39-cp39-musllinux_1_2_x86_64.whl", hash = "sha256:682fa37ff4d8e95f7df6fe6fe6a431e8ed8e788023c6bcc0f0880a12eab80ad1"},
    {file = "pytokens-0.4.1-cp39-cp39-win_amd64.whl", hash = "sha256:30f51edd9bb7f85c748979384165601d028b84f7bd13fe14d3e065304093916a"},
    {file = "pytokens-0.4.1-py3-none-any.whl", hash = "sha256:26cef14744a8385f35d0e095dc8b3a7583f6c953c2e3d269c7f82484bf5ad2de"},
    {file = "pytokens-0.4.1.tar.gz", hash = "sha256:292052fe80923aae2260c073f822ceba21f3872ced9a68bb7953b348e561179a"},
]

[package.extras]
dev = ["black", "build", "mypy", "pytest", "pytest-cov", "setuptools", "tox", "twine", "wheel"]

[[package]]
name = "tomlkit"
version = "0.14.0"
description = "Style preserving TOML library"
optional = false
python-versions = ">=3.9"
groups = ["dev"]
files = [
    {file = "tomlkit-0.14.0-py3-none-any.whl", hash = "sha256:592064ed85b40fa213469f81ac584f67a4f2992509a7c3ea2d632208623a3680"},
    {file = "tomlkit-0.14.0.tar.gz", hash = "sha256:cf00efca415dbd57575befb1f6634c4f42d2d87dbba376128adb42c121b87064"},
]

[extras]
capnp = ["pycapnp"]

[metadata]
lock-version = "2.1"
python-versions = ">=3.14,<3.15"
content-hash = "abd4e06df67def326a3f2aaa05853ebc04c3a8e8a543ad7e7d28310958b390a1"
